// !$*UTF8*$!
{
	archiveVersion = 1;
	classes = {
	};
	objectVersion = 46;
	objects = {

/* Begin PBXBuildFile section */
		0D2EB2E2382265BA8469A42A /* Pods_Blocky.framework in Frameworks */ = {isa = PBXBuildFile; fileRef = B98CDE5EA39D71E1033B0773 /* Pods_Blocky.framework */; };
		56C2A7EF1F17A99A008D55D7 /* AppDelegate.swift in Sources */ = {isa = PBXBuildFile; fileRef = 56C2A7EE1F17A99A008D55D7 /* AppDelegate.swift */; };
		56C2A7F11F17A99A008D55D7 /* ViewController.swift in Sources */ = {isa = PBXBuildFile; fileRef = 56C2A7F01F17A99A008D55D7 /* ViewController.swift */; };
		56C2A7F41F17A99A008D55D7 /* Main.storyboard in Resources */ = {isa = PBXBuildFile; fileRef = 56C2A7F21F17A99A008D55D7 /* Main.storyboard */; };
		56C2A7F61F17A99A008D55D7 /* Assets.xcassets in Resources */ = {isa = PBXBuildFile; fileRef = 56C2A7F51F17A99A008D55D7 /* Assets.xcassets */; };
		56C2A7F91F17A99A008D55D7 /* LaunchScreen.storyboard in Resources */ = {isa = PBXBuildFile; fileRef = 56C2A7F71F17A99A008D55D7 /* LaunchScreen.storyboard */; };
		56C2A8051F17B0DC008D55D7 /* BAddComponentViewController.swift in Sources */ = {isa = PBXBuildFile; fileRef = 56C2A8041F17B0DC008D55D7 /* BAddComponentViewController.swift */; };
/* End PBXBuildFile section */

/* Begin PBXFileReference section */
		56C2A7EB1F17A99A008D55D7 /* Blocky.app */ = {isa = PBXFileReference; explicitFileType = wrapper.application; includeInIndex = 0; path = Blocky.app; sourceTree = BUILT_PRODUCTS_DIR; };
		56C2A7EE1F17A99A008D55D7 /* AppDelegate.swift */ = {isa = PBXFileReference; lastKnownFileType = sourcecode.swift; path = AppDelegate.swift; sourceTree = "<group>"; };
		56C2A7F01F17A99A008D55D7 /* ViewController.swift */ = {isa = PBXFileReference; lastKnownFileType = sourcecode.swift; path = ViewController.swift; sourceTree = "<group>"; };
		56C2A7F31F17A99A008D55D7 /* Base */ = {isa = PBXFileReference; lastKnownFileType = file.storyboard; name = Base; path = Base.lproj/Main.storyboard; sourceTree = "<group>"; };
		56C2A7F51F17A99A008D55D7 /* Assets.xcassets */ = {isa = PBXFileReference; lastKnownFileType = folder.assetcatalog; path = Assets.xcassets; sourceTree = "<group>"; };
		56C2A7F81F17A99A008D55D7 /* Base */ = {isa = PBXFileReference; lastKnownFileType = file.storyboard; name = Base; path = Base.lproj/LaunchScreen.storyboard; sourceTree = "<group>"; };
		56C2A7FA1F17A99A008D55D7 /* Info.plist */ = {isa = PBXFileReference; lastKnownFileType = text.plist.xml; path = Info.plist; sourceTree = "<group>"; };
		56C2A8041F17B0DC008D55D7 /* BAddComponentViewController.swift */ = {isa = PBXFileReference; fileEncoding = 4; lastKnownFileType = sourcecode.swift; name = BAddComponentViewController.swift; path = View/BAddComponentViewController.swift; sourceTree = "<group>"; };
		56C2A8061F17B4FB008D55D7 /* Blocky-Bridging-Header.h */ = {isa = PBXFileReference; lastKnownFileType = sourcecode.c.h; path = "Blocky-Bridging-Header.h"; sourceTree = "<group>"; };
		68D6240A7911626AE28ADDAA /* Pods-Blocky.debug.xcconfig */ = {isa = PBXFileReference; includeInIndex = 1; lastKnownFileType = text.xcconfig; name = "Pods-Blocky.debug.xcconfig"; path = "Pods/Target Support Files/Pods-Blocky/Pods-Blocky.debug.xcconfig"; sourceTree = "<group>"; };
		B98CDE5EA39D71E1033B0773 /* Pods_Blocky.framework */ = {isa = PBXFileReference; explicitFileType = wrapper.framework; includeInIndex = 0; path = Pods_Blocky.framework; sourceTree = BUILT_PRODUCTS_DIR; };
		D51FC4503A7A85EB5A3397AC /* Pods-Blocky.release.xcconfig */ = {isa = PBXFileReference; includeInIndex = 1; lastKnownFileType = text.xcconfig; name = "Pods-Blocky.release.xcconfig"; path = "Pods/Target Support Files/Pods-Blocky/Pods-Blocky.release.xcconfig"; sourceTree = "<group>"; };
/* End PBXFileReference section */

/* Begin PBXFrameworksBuildPhase section */
		56C2A7E81F17A999008D55D7 /* Frameworks */ = {
			isa = PBXFrameworksBuildPhase;
			buildActionMask = 2147483647;
			files = (
				0D2EB2E2382265BA8469A42A /* Pods_Blocky.framework in Frameworks */,
			);
			runOnlyForDeploymentPostprocessing = 0;
		};
/* End PBXFrameworksBuildPhase section */

/* Begin PBXGroup section */
		56C2A7E21F17A999008D55D7 = {
			isa = PBXGroup;
			children = (
				56C2A7ED1F17A99A008D55D7 /* Blocky */,
				56C2A7EC1F17A99A008D55D7 /* Products */,
				7F80A30B9F8282206825A861 /* Pods */,
				A2B2A4D941D9604BF6E17251 /* Frameworks */,
			);
			sourceTree = "<group>";
		};
		56C2A7EC1F17A99A008D55D7 /* Products */ = {
			isa = PBXGroup;
			children = (
				56C2A7EB1F17A99A008D55D7 /* Blocky.app */,
			);
			name = Products;
			sourceTree = "<group>";
		};
		56C2A7ED1F17A99A008D55D7 /* Blocky */ = {
			isa = PBXGroup;
			children = (
				56C2A7EE1F17A99A008D55D7 /* AppDelegate.swift */,
				56C2A7F01F17A99A008D55D7 /* ViewController.swift */,
				56C2A7F21F17A99A008D55D7 /* Main.storyboard */,
				56C2A7F51F17A99A008D55D7 /* Assets.xcassets */,
				56C2A7F71F17A99A008D55D7 /* LaunchScreen.storyboard */,
				56C2A7FA1F17A99A008D55D7 /* Info.plist */,
				56C2A8041F17B0DC008D55D7 /* BAddComponentViewController.swift */,
				56C2A8061F17B4FB008D55D7 /* Blocky-Bridging-Header.h */,
			);
			path = Blocky;
			sourceTree = "<group>";
		};
		7F80A30B9F8282206825A861 /* Pods */ = {
			isa = PBXGroup;
			children = (
				68D6240A7911626AE28ADDAA /* Pods-Blocky.debug.xcconfig */,
				D51FC4503A7A85EB5A3397AC /* Pods-Blocky.release.xcconfig */,
			);
			name = Pods;
			sourceTree = "<group>";
		};
		A2B2A4D941D9604BF6E17251 /* Frameworks */ = {
			isa = PBXGroup;
			children = (
				B98CDE5EA39D71E1033B0773 /* Pods_Blocky.framework */,
			);
			name = Frameworks;
			sourceTree = "<group>";
		};
/* End PBXGroup section */

/* Begin PBXNativeTarget section */
		56C2A7EA1F17A999008D55D7 /* Blocky */ = {
			isa = PBXNativeTarget;
			buildConfigurationList = 56C2A7FD1F17A99A008D55D7 /* Build configuration list for PBXNativeTarget "Blocky" */;
			buildPhases = (
				EF0E269E51AEBCC4CC1A2FB0 /* 📦 Check Pods Manifest.lock */,
				56C2A7E71F17A999008D55D7 /* Sources */,
				56C2A7E81F17A999008D55D7 /* Frameworks */,
				56C2A7E91F17A999008D55D7 /* Resources */,
				BFA27C9CEC0A2D8D39ABE696 /* 📦 Embed Pods Frameworks */,
				FF1CE035354D5A9A09616F49 /* 📦 Copy Pods Resources */,
			);
			buildRules = (
			);
			dependencies = (
			);
			name = Blocky;
			productName = Blocky;
			productReference = 56C2A7EB1F17A99A008D55D7 /* Blocky.app */;
			productType = "com.apple.product-type.application";
		};
/* End PBXNativeTarget section */

/* Begin PBXProject section */
		56C2A7E31F17A999008D55D7 /* Project object */ = {
			isa = PBXProject;
			attributes = {
				LastSwiftUpdateCheck = 0810;
				LastUpgradeCheck = 0810;
				ORGANIZATIONNAME = "Viet Anh";
				TargetAttributes = {
					56C2A7EA1F17A999008D55D7 = {
						CreatedOnToolsVersion = 8.1;
						LastSwiftMigration = 0810;
						ProvisioningStyle = Automatic;
					};
				};
			};
			buildConfigurationList = 56C2A7E61F17A999008D55D7 /* Build configuration list for PBXProject "Blocky" */;
			compatibilityVersion = "Xcode 3.2";
			developmentRegion = English;
			hasScannedForEncodings = 0;
			knownRegions = (
				en,
				Base,
			);
			mainGroup = 56C2A7E21F17A999008D55D7;
			productRefGroup = 56C2A7EC1F17A99A008D55D7 /* Products */;
			projectDirPath = "";
			projectRoot = "";
			targets = (
				56C2A7EA1F17A999008D55D7 /* Blocky */,
			);
		};
/* End PBXProject section */

/* Begin PBXResourcesBuildPhase section */
		56C2A7E91F17A999008D55D7 /* Resources */ = {
			isa = PBXResourcesBuildPhase;
			buildActionMask = 2147483647;
			files = (
				56C2A7F91F17A99A008D55D7 /* LaunchScreen.storyboard in Resources */,
				56C2A7F61F17A99A008D55D7 /* Assets.xcassets in Resources */,
				56C2A7F41F17A99A008D55D7 /* Main.storyboard in Resources */,
			);
			runOnlyForDeploymentPostprocessing = 0;
		};
/* End PBXResourcesBuildPhase section */

/* Begin PBXShellScriptBuildPhase section */
		BFA27C9CEC0A2D8D39ABE696 /* 📦 Embed Pods Frameworks */ = {
			isa = PBXShellScriptBuildPhase;
			buildActionMask = 2147483647;
			files = (
			);
			inputPaths = (
			);
			name = "📦 Embed Pods Frameworks";
			outputPaths = (
			);
			runOnlyForDeploymentPostprocessing = 0;
			shellPath = /bin/sh;
			shellScript = "\"${SRCROOT}/Pods/Target Support Files/Pods-Blocky/Pods-Blocky-frameworks.sh\"\n";
			showEnvVarsInLog = 0;
		};
		EF0E269E51AEBCC4CC1A2FB0 /* 📦 Check Pods Manifest.lock */ = {
			isa = PBXShellScriptBuildPhase;
			buildActionMask = 2147483647;
			files = (
			);
			inputPaths = (
			);
			name = "📦 Check Pods Manifest.lock";
			outputPaths = (
			);
			runOnlyForDeploymentPostprocessing = 0;
			shellPath = /bin/sh;
			shellScript = "diff \"${PODS_ROOT}/../Podfile.lock\" \"${PODS_ROOT}/Manifest.lock\" > /dev/null\nif [[ $? != 0 ]] ; then\n    cat << EOM\nerror: The sandbox is not in sync with the Podfile.lock. Run 'pod install' or update your CocoaPods installation.\nEOM\n    exit 1\nfi\n";
			showEnvVarsInLog = 0;
		};
		FF1CE035354D5A9A09616F49 /* 📦 Copy Pods Resources */ = {
			isa = PBXShellScriptBuildPhase;
			buildActionMask = 2147483647;
			files = (
			);
			inputPaths = (
			);
			name = "📦 Copy Pods Resources";
			outputPaths = (
			);
			runOnlyForDeploymentPostprocessing = 0;
			shellPath = /bin/sh;
			shellScript = "\"${SRCROOT}/Pods/Target Support Files/Pods-Blocky/Pods-Blocky-resources.sh\"\n";
			showEnvVarsInLog = 0;
		};
/* End PBXShellScriptBuildPhase section */

/* Begin PBXSourcesBuildPhase section */
		56C2A7E71F17A999008D55D7 /* Sources */ = {
			isa = PBXSourcesBuildPhase;
			buildActionMask = 2147483647;
			files = (
				56C2A7F11F17A99A008D55D7 /* ViewController.swift in Sources */,
				56C2A7EF1F17A99A008D55D7 /* AppDelegate.swift in Sources */,
				56C2A8051F17B0DC008D55D7 /* BAddComponentViewController.swift in Sources */,
			);
			runOnlyForDeploymentPostprocessing = 0;
		};
/* End PBXSourcesBuildPhase section */

/* Begin PBXVariantGroup section */
		56C2A7F21F17A99A008D55D7 /* Main.storyboard */ = {
			isa = PBXVariantGroup;
			children = (
				56C2A7F31F17A99A008D55D7 /* Base */,
			);
			name = Main.storyboard;
			sourceTree = "<group>";
		};
		56C2A7F71F17A99A008D55D7 /* LaunchScreen.storyboard */ = {
			isa = PBXVariantGroup;
			children = (
				56C2A7F81F17A99A008D55D7 /* Base */,
			);
			name = LaunchScreen.storyboard;
			sourceTree = "<group>";
		};
/* End PBXVariantGroup section */

/* Begin XCBuildConfiguration section */
		56C2A7FB1F17A99A008D55D7 /* Debug */ = {
			isa = XCBuildConfiguration;
			buildSettings = {
				ALWAYS_SEARCH_USER_PATHS = NO;
				CLANG_ANALYZER_NONNULL = YES;
				CLANG_CXX_LANGUAGE_STANDARD = "gnu++0x";
				CLANG_CXX_LIBRARY = "libc++";
				CLANG_ENABLE_MODULES = YES;
				CLANG_ENABLE_OBJC_ARC = YES;
				CLANG_WARN_BOOL_CONVERSION = YES;
				CLANG_WARN_CONSTANT_CONVERSION = YES;
				CLANG_WARN_DIRECT_OBJC_ISA_USAGE = YES_ERROR;
				CLANG_WARN_DOCUMENTATION_COMMENTS = YES;
				CLANG_WARN_EMPTY_BODY = YES;
				CLANG_WARN_ENUM_CONVERSION = YES;
				CLANG_WARN_INFINITE_RECURSION = YES;
				CLANG_WARN_INT_CONVERSION = YES;
				CLANG_WARN_OBJC_ROOT_CLASS = YES_ERROR;
				CLANG_WARN_SUSPICIOUS_MOVES = YES;
				CLANG_WARN_UNREACHABLE_CODE = YES;
				CLANG_WARN__DUPLICATE_METHOD_MATCH = YES;
				"CODE_SIGN_IDENTITY[sdk=iphoneos*]" = "iPhone Developer";
				COPY_PHASE_STRIP = NO;
				DEBUG_INFORMATION_FORMAT = dwarf;
				ENABLE_STRICT_OBJC_MSGSEND = YES;
				ENABLE_TESTABILITY = YES;
				GCC_C_LANGUAGE_STANDARD = gnu99;
				GCC_DYNAMIC_NO_PIC = NO;
				GCC_NO_COMMON_BLOCKS = YES;
				GCC_OPTIMIZATION_LEVEL = 0;
				GCC_PREPROCESSOR_DEFINITIONS = (
					"DEBUG=1",
					"$(inherited)",
				);
				GCC_WARN_64_TO_32_BIT_CONVERSION = YES;
				GCC_WARN_ABOUT_RETURN_TYPE = YES_ERROR;
				GCC_WARN_UNDECLARED_SELECTOR = YES;
				GCC_WARN_UNINITIALIZED_AUTOS = YES_AGGRESSIVE;
				GCC_WARN_UNUSED_FUNCTION = YES;
				GCC_WARN_UNUSED_VARIABLE = YES;
				IPHONEOS_DEPLOYMENT_TARGET = 10.1;
				MTL_ENABLE_DEBUG_INFO = YES;
				ONLY_ACTIVE_ARCH = YES;
				SDKROOT = iphoneos;
				SWIFT_ACTIVE_COMPILATION_CONDITIONS = DEBUG;
				SWIFT_OPTIMIZATION_LEVEL = "-Onone";
			};
			name = Debug;
		};
		56C2A7FC1F17A99A008D55D7 /* Release */ = {
			isa = XCBuildConfiguration;
			buildSettings = {
				ALWAYS_SEARCH_USER_PATHS = NO;
				CLANG_ANALYZER_NONNULL = YES;
				CLANG_CXX_LANGUAGE_STANDARD = "gnu++0x";
				CLANG_CXX_LIBRARY = "libc++";
				CLANG_ENABLE_MODULES = YES;
				CLANG_ENABLE_OBJC_ARC = YES;
				CLANG_WARN_BOOL_CONVERSION = YES;
				CLANG_WARN_CONSTANT_CONVERSION = YES;
				CLANG_WARN_DIRECT_OBJC_ISA_USAGE = YES_ERROR;
				CLANG_WARN_DOCUMENTATION_COMMENTS = YES;
				CLANG_WARN_EMPTY_BODY = YES;
				CLANG_WARN_ENUM_CONVERSION = YES;
				CLANG_WARN_INFINITE_RECURSION = YES;
				CLANG_WARN_INT_CONVERSION = YES;
				CLANG_WARN_OBJC_ROOT_CLASS = YES_ERROR;
				CLANG_WARN_SUSPICIOUS_MOVES = YES;
				CLANG_WARN_UNREACHABLE_CODE = YES;
				CLANG_WARN__DUPLICATE_METHOD_MATCH = YES;
				"CODE_SIGN_IDENTITY[sdk=iphoneos*]" = "iPhone Developer";
				COPY_PHASE_STRIP = NO;
				DEBUG_INFORMATION_FORMAT = "dwarf-with-dsym";
				ENABLE_NS_ASSERTIONS = NO;
				ENABLE_STRICT_OBJC_MSGSEND = YES;
				GCC_C_LANGUAGE_STANDARD = gnu99;
				GCC_NO_COMMON_BLOCKS = YES;
				GCC_WARN_64_TO_32_BIT_CONVERSION = YES;
				GCC_WARN_ABOUT_RETURN_TYPE = YES_ERROR;
				GCC_WARN_UNDECLARED_SELECTOR = YES;
				GCC_WARN_UNINITIALIZED_AUTOS = YES_AGGRESSIVE;
				GCC_WARN_UNUSED_FUNCTION = YES;
				GCC_WARN_UNUSED_VARIABLE = YES;
				IPHONEOS_DEPLOYMENT_TARGET = 10.1;
				MTL_ENABLE_DEBUG_INFO = NO;
				SDKROOT = iphoneos;
				SWIFT_OPTIMIZATION_LEVEL = "-Owholemodule";
				VALIDATE_PRODUCT = YES;
			};
			name = Release;
		};
		56C2A7FE1F17A99A008D55D7 /* Debug */ = {
			isa = XCBuildConfiguration;
			baseConfigurationReference = 68D6240A7911626AE28ADDAA /* Pods-Blocky.debug.xcconfig */;
			buildSettings = {
				ASSETCATALOG_COMPILER_APPICON_NAME = AppIcon;
				CLANG_ENABLE_MODULES = YES;
				INFOPLIST_FILE = Blocky/Info.plist;
				LD_RUNPATH_SEARCH_PATHS = "$(inherited) @executable_path/Frameworks";
				PRODUCT_BUNDLE_IDENTIFIER = com.Blocky;
				PRODUCT_NAME = "$(TARGET_NAME)";
				SWIFT_OBJC_BRIDGING_HEADER = "Blocky/Blocky-Bridging-Header.h";
				SWIFT_OPTIMIZATION_LEVEL = "-Onone";
				SWIFT_VERSION = 3.0;
			};
			name = Debug;
		};
		56C2A7FF1F17A99A008D55D7 /* Release */ = {
			isa = XCBuildConfiguration;
			baseConfigurationReference = D51FC4503A7A85EB5A3397AC /* Pods-Blocky.release.xcconfig */;
			buildSettings = {
				ASSETCATALOG_COMPILER_APPICON_NAME = AppIcon;
				CLANG_ENABLE_MODULES = YES;
				INFOPLIST_FILE = Blocky/Info.plist;
				LD_RUNPATH_SEARCH_PATHS = "$(inherited) @executable_path/Frameworks";
				PRODUCT_BUNDLE_IDENTIFIER = com.Blocky;
				PRODUCT_NAME = "$(TARGET_NAME)";
				SWIFT_OBJC_BRIDGING_HEADER = "Blocky/Blocky-Bridging-Header.h";
				SWIFT_VERSION = 3.0;
			};
			name = Release;
		};
/* End XCBuildConfiguration section */

/* Begin XCConfigurationList section */
		56C2A7E61F17A999008D55D7 /* Build configuration list for PBXProject "Blocky" */ = {
			isa = XCConfigurationList;
			buildConfigurations = (
				56C2A7FB1F17A99A008D55D7 /* Debug */,
				56C2A7FC1F17A99A008D55D7 /* Release */,
			);
			defaultConfigurationIsVisible = 0;
			defaultConfigurationName = Release;
		};
		56C2A7FD1F17A99A008D55D7 /* Build configuration list for PBXNativeTarget "Blocky" */ = {
			isa = XCConfigurationList;
			buildConfigurations = (
				56C2A7FE1F17A99A008D55D7 /* Debug */,
				56C2A7FF1F17A99A008D55D7 /* Release */,
			);
			defaultConfigurationIsVisible = 0;
			defaultConfigurationName = Release;
		};
/* End XCConfigurationList section */
	};
	rootObject = 56C2A7E31F17A999008D55D7 /* Project object */;
}
