PODS:
  - BFDragGestureRecognizer (1.1.0)
  - TPKeyboardAvoiding (1.3.1)

DEPENDENCIES:
  - BFDragGestureRecognizer
  - TPKeyboardAvoiding

SPEC CHECKSUMS:
  BFDragGestureRecognizer: 12ad65373fe384c4ae61079f65125b8b468babcc
  TPKeyboardAvoiding: 0d6af20e95e2850f4c621841225b59ec7d8dd852

PODFILE CHECKSUM: 18a8513a36050de56a2bf2d96ce391b7694b9f3b

COCOAPODS: 1.0.0
